
Microsoft Visual Studio Solution File, Format Version 12.00
# Visual Studio Version 17
VisualStudioVersion = 17.12.35514.174
MinimumVisualStudioVersion = 10.0.40219.1
Project("{8BC9CEB8-8B4A-11D0-8D11-00A0C91BC942}") = "1.SimpleApp", "SimpleApp\SimpleApp.vcxproj", "{55FAB9E1-90C7-4702-BAB9-C2E12A771A18}"
EndProject
Project("{8BC9CEB8-8B4A-11D0-8D11-00A0C91BC942}") = "2.Function", "2.Function\2.Function.vcxproj", "{BAC005E4-2F0B-4C76-A0F4-7EAC4EE21C6C}"
EndProject
Project("{8BC9CEB8-8B4A-11D0-8D11-00A0C91BC942}") = "3.Task1", "3.Task1\3.Task1.vcxproj", "{82F978BD-499C-4030-BFBE-4B18845062DF}"
EndProject
Project("{8BC9CEB8-8B4A-11D0-8D11-00A0C91BC942}") = "4.Task2", "4.Task2\4.Task2.vcxproj", "{D40D90F8-1F33-4050-AA3F-17BC250F0FEA}"
EndProject
Project("{8BC9CEB8-8B4A-11D0-8D11-00A0C91BC942}") = "5.Task3-1", "5.Task3-1\5.Task3-1.vcxproj", "{EDA77B33-EC5A-4B9B-88EF-510B3F13972C}"
EndProject
Project("{8BC9CEB8-8B4A-11D0-8D11-00A0C91BC942}") = "6.Task3-2", "6.Task3-2\6.Task3-2.vcxproj", "{951B4B3F-B7EA-4A36-9642-C452BE80A1E2}"
EndProject
Project("{8BC9CEB8-8B4A-11D0-8D11-00A0C91BC942}") = "7.Task3-3", "7.Task3-3\7.Task3-3.vcxproj", "{B98CCC54-F607-458A-845B-6513CF416689}"
EndProject
Project("{8BC9CEB8-8B4A-11D0-8D11-00A0C91BC942}") = "8.Task3-4", "8.Task3-4\8.Task3-4.vcxproj", "{FB6F8A7E-0EB3-4D78-9224-DF288F517E9F}"
EndProject
Global
	GlobalSection(SolutionConfigurationPlatforms) = preSolution
		Debug|x64 = Debug|x64
		Debug|x86 = Debug|x86
		Release|x64 = Release|x64
		Release|x86 = Release|x86
	EndGlobalSection
	GlobalSection(ProjectConfigurationPlatforms) = postSolution
		{55FAB9E1-90C7-4702-BAB9-C2E12A771A18}.Debug|x64.ActiveCfg = Debug|x64
		{55FAB9E1-90C7-4702-BAB9-C2E12A771A18}.Debug|x64.Build.0 = Debug|x64
		{55FAB9E1-90C7-4702-BAB9-C2E12A771A18}.Debug|x86.ActiveCfg = Debug|Win32
		{55FAB9E1-90C7-4702-BAB9-C2E12A771A18}.Debug|x86.Build.0 = Debug|Win32
		{55FAB9E1-90C7-4702-BAB9-C2E12A771A18}.Release|x64.ActiveCfg = Release|x64
		{55FAB9E1-90C7-4702-BAB9-C2E12A771A18}.Release|x64.Build.0 = Release|x64
		{55FAB9E1-90C7-4702-BAB9-C2E12A771A18}.Release|x86.ActiveCfg = Release|Win32
		{55FAB9E1-90C7-4702-BAB9-C2E12A771A18}.Release|x86.Build.0 = Release|Win32
		{BAC005E4-2F0B-4C76-A0F4-7EAC4EE21C6C}.Debug|x64.ActiveCfg = Debug|x64
		{BAC005E4-2F0B-4C76-A0F4-7EAC4EE21C6C}.Debug|x64.Build.0 = Debug|x64
		{BAC005E4-2F0B-4C76-A0F4-7EAC4EE21C6C}.Debug|x86.ActiveCfg = Debug|Win32
		{BAC005E4-2F0B-4C76-A0F4-7EAC4EE21C6C}.Debug|x86.Build.0 = Debug|Win32
		{BAC005E4-2F0B-4C76-A0F4-7EAC4EE21C6C}.Release|x64.ActiveCfg = Release|x64
		{BAC005E4-2F0B-4C76-A0F4-7EAC4EE21C6C}.Release|x64.Build.0 = Release|x64
		{BAC005E4-2F0B-4C76-A0F4-7EAC4EE21C6C}.Release|x86.ActiveCfg = Release|Win32
		{BAC005E4-2F0B-4C76-A0F4-7EAC4EE21C6C}.Release|x86.Build.0 = Release|Win32
		{82F978BD-499C-4030-BFBE-4B18845062DF}.Debug|x64.ActiveCfg = Debug|x64
		{82F978BD-499C-4030-BFBE-4B18845062DF}.Debug|x64.Build.0 = Debug|x64
		{82F978BD-499C-4030-BFBE-4B18845062DF}.Debug|x86.ActiveCfg = Debug|Win32
		{82F978BD-499C-4030-BFBE-4B18845062DF}.Debug|x86.Build.0 = Debug|Win32
		{82F978BD-499C-4030-BFBE-4B18845062DF}.Release|x64.ActiveCfg = Release|x64
		{82F978BD-499C-4030-BFBE-4B18845062DF}.Release|x64.Build.0 = Release|x64
		{82F978BD-499C-4030-BFBE-4B18845062DF}.Release|x86.ActiveCfg = Release|Win32
		{82F978BD-499C-4030-BFBE-4B18845062DF}.Release|x86.Build.0 = Release|Win32
		{D40D90F8-1F33-4050-AA3F-17BC250F0FEA}.Debug|x64.ActiveCfg = Debug|x64
		{D40D90F8-1F33-4050-AA3F-17BC250F0FEA}.Debug|x64.Build.0 = Debug|x64
		{D40D90F8-1F33-4050-AA3F-17BC250F0FEA}.Debug|x86.ActiveCfg = Debug|Win32
		{D40D90F8-1F33-4050-AA3F-17BC250F0FEA}.Debug|x86.Build.0 = Debug|Win32
		{D40D90F8-1F33-4050-AA3F-17BC250F0FEA}.Release|x64.ActiveCfg = Release|x64
		{D40D90F8-1F33-4050-AA3F-17BC250F0FEA}.Release|x64.Build.0 = Release|x64
		{D40D90F8-1F33-4050-AA3F-17BC250F0FEA}.Release|x86.ActiveCfg = Release|Win32
		{D40D90F8-1F33-4050-AA3F-17BC250F0FEA}.Release|x86.Build.0 = Release|Win32
		{EDA77B33-EC5A-4B9B-88EF-510B3F13972C}.Debug|x64.ActiveCfg = Debug|x64
		{EDA77B33-EC5A-4B9B-88EF-510B3F13972C}.Debug|x64.Build.0 = Debug|x64
		{EDA77B33-EC5A-4B9B-88EF-510B3F13972C}.Debug|x86.ActiveCfg = Debug|Win32
		{EDA77B33-EC5A-4B9B-88EF-510B3F13972C}.Debug|x86.Build.0 = Debug|Win32
		{EDA77B33-EC5A-4B9B-88EF-510B3F13972C}.Release|x64.ActiveCfg = Release|x64
		{EDA77B33-EC5A-4B9B-88EF-510B3F13972C}.Release|x64.Build.0 = Release|x64
		{EDA77B33-EC5A-4B9B-88EF-510B3F13972C}.Release|x86.ActiveCfg = Release|Win32
		{EDA77B33-EC5A-4B9B-88EF-510B3F13972C}.Release|x86.Build.0 = Release|Win32
		{951B4B3F-B7EA-4A36-9642-C452BE80A1E2}.Debug|x64.ActiveCfg = Debug|x64
		{951B4B3F-B7EA-4A36-9642-C452BE80A1E2}.Debug|x64.Build.0 = Debug|x64
		{951B4B3F-B7EA-4A36-9642-C452BE80A1E2}.Debug|x86.ActiveCfg = Debug|Win32
		{951B4B3F-B7EA-4A36-9642-C452BE80A1E2}.Debug|x86.Build.0 = Debug|Win32
		{951B4B3F-B7EA-4A36-9642-C452BE80A1E2}.Release|x64.ActiveCfg = Release|x64
		{951B4B3F-B7EA-4A36-9642-C452BE80A1E2}.Release|x64.Build.0 = Release|x64
		{951B4B3F-B7EA-4A36-9642-C452BE80A1E2}.Release|x86.ActiveCfg = Release|Win32
		{951B4B3F-B7EA-4A36-9642-C452BE80A1E2}.Release|x86.Build.0 = Release|Win32
		{B98CCC54-F607-458A-845B-6513CF416689}.Debug|x64.ActiveCfg = Debug|x64
		{B98CCC54-F607-458A-845B-6513CF416689}.Debug|x64.Build.0 = Debug|x64
		{B98CCC54-F607-458A-845B-6513CF416689}.Debug|x86.ActiveCfg = Debug|Win32
		{B98CCC54-F607-458A-845B-6513CF416689}.Debug|x86.Build.0 = Debug|Win32
		{B98CCC54-F607-458A-845B-6513CF416689}.Release|x64.ActiveCfg = Release|x64
		{B98CCC54-F607-458A-845B-6513CF416689}.Release|x64.Build.0 = Release|x64
		{B98CCC54-F607-458A-845B-6513CF416689}.Release|x86.ActiveCfg = Release|Win32
		{B98CCC54-F607-458A-845B-6513CF416689}.Release|x86.Build.0 = Release|Win32
		{FB6F8A7E-0EB3-4D78-9224-DF288F517E9F}.Debug|x64.ActiveCfg = Debug|x64
		{FB6F8A7E-0EB3-4D78-9224-DF288F517E9F}.Debug|x64.Build.0 = Debug|x64
		{FB6F8A7E-0EB3-4D78-9224-DF288F517E9F}.Debug|x86.ActiveCfg = Debug|Win32
		{FB6F8A7E-0EB3-4D78-9224-DF288F517E9F}.Debug|x86.Build.0 = Debug|Win32
		{FB6F8A7E-0EB3-4D78-9224-DF288F517E9F}.Release|x64.ActiveCfg = Release|x64
		{FB6F8A7E-0EB3-4D78-9224-DF288F517E9F}.Release|x64.Build.0 = Release|x64
		{FB6F8A7E-0EB3-4D78-9224-DF288F517E9F}.Release|x86.ActiveCfg = Release|Win32
		{FB6F8A7E-0EB3-4D78-9224-DF288F517E9F}.Release|x86.Build.0 = Release|Win32
	EndGlobalSection
	GlobalSection(SolutionProperties) = preSolution
		HideSolutionNode = FALSE
	EndGlobalSection
EndGlobal
